
Microsoft Visual Studio Solution File, Format Version 12.00
# Visual Studio 15
VisualStudioVersion = 15.0.28307.271
MinimumVisualStudioVersion = 10.0.40219.1
Project("{9A19103F-16F7-4668-BE54-9A1E7A4F7556}") = "Exemplo Struct", "ConsoleApp2\Exemplo Struct.csproj", "{11B0D98B-B7C4-40A8-8986-883FC6BCD65A}"
EndProject
Project("{9A19103F-16F7-4668-BE54-9A1E7A4F7556}") = "Exemplo Vetores 01", "Vetores\Exemplo Vetores 01.csproj", "{D8A57C6A-DF93-487E-B174-5A497A87912E}"
EndProject
Project("{9A19103F-16F7-4668-BE54-9A1E7A4F7556}") = "Exemplo Vetores 02", "Exemplo Vetores 02\Exemplo Vetores 02.csproj", "{F2B8852F-995C-4565-A70D-B905DBC69357}"
EndProject
Project("{9A19103F-16F7-4668-BE54-9A1E7A4F7556}") = "ExercicioFixaçãoVetores01", "ExercicioFixaçãoVetores01\ExercicioFixaçãoVetores01.csproj", "{E7E0AACB-13D1-4107-AE70-FF404D88758A}"
EndProject
Project("{9A19103F-16F7-4668-BE54-9A1E7A4F7556}") = "Exemplo Vetores 03", "Exemplo Vetores 03\Exemplo Vetores 03.csproj", "{F66A8804-9EF5-47AB-9A01-9278CAB2116C}"
EndProject
Project("{9A19103F-16F7-4668-BE54-9A1E7A4F7556}") = "ExemploListas01", "ExemploListas01\ExemploListas01.csproj", "{FE1A5266-3F2E-48AD-A205-BD3F8C7BA574}"
EndProject
Project("{9A19103F-16F7-4668-BE54-9A1E7A4F7556}") = "Praticando", "Praticando\Praticando.csproj", "{894AD299-372C-45B1-B615-D1CA596BF788}"
EndProject
Project("{9A19103F-16F7-4668-BE54-9A1E7A4F7556}") = "ExercicioFixaçãoListas01", "ExercicioFixaçãoListas01\ExercicioFixaçãoListas01.csproj", "{DF3ADBC8-C034-499F-855D-9E5EE5A2D915}"
EndProject
Project("{9A19103F-16F7-4668-BE54-9A1E7A4F7556}") = "Matrizes", "Matrizes\Matrizes.csproj", "{D4969D22-39B4-43FF-B3D0-B45C93C8D7E2}"
EndProject
Project("{9A19103F-16F7-4668-BE54-9A1E7A4F7556}") = "ExemploEnum01", "ExemploEnum01\ExemploEnum01.csproj", "{4285C835-B72F-46CD-93E4-E8C8875A222B}"
EndProject
Project("{9A19103F-16F7-4668-BE54-9A1E7A4F7556}") = "ExercicioEnumComp01", "ExercicioEnumComp01\ExercicioEnumComp01.csproj", "{1DB2E69C-B5AD-437D-9832-EB1899F3717F}"
EndProject
Project("{9A19103F-16F7-4668-BE54-9A1E7A4F7556}") = "PraticandoEnumComp", "PraticandoEnumComp\PraticandoEnumComp.csproj", "{7DA28F61-4818-4431-9FAC-1DC9C53F8937}"
EndProject
Project("{9A19103F-16F7-4668-BE54-9A1E7A4F7556}") = "ExercicioEnumComp02", "ExercicioEnumComp02\ExercicioEnumComp02.csproj", "{B5FCEDBD-1094-46E2-850A-A7F1C07DA227}"
EndProject
Project("{FAE04EC0-301F-11D3-BF4B-00C04F79EFBC}") = "FixacaoEnumComp01", "FixacaoEnumComp01\FixacaoEnumComp01.csproj", "{6BB1D41D-1A7D-4B0F-92C7-89A0D7A78E42}"
EndProject
Global
	GlobalSection(SolutionConfigurationPlatforms) = preSolution
		Debug|Any CPU = Debug|Any CPU
		Release|Any CPU = Release|Any CPU
	EndGlobalSection
	GlobalSection(ProjectConfigurationPlatforms) = postSolution
		{11B0D98B-B7C4-40A8-8986-883FC6BCD65A}.Debug|Any CPU.ActiveCfg = Debug|Any CPU
		{11B0D98B-B7C4-40A8-8986-883FC6BCD65A}.Debug|Any CPU.Build.0 = Debug|Any CPU
		{11B0D98B-B7C4-40A8-8986-883FC6BCD65A}.Release|Any CPU.ActiveCfg = Release|Any CPU
		{11B0D98B-B7C4-40A8-8986-883FC6BCD65A}.Release|Any CPU.Build.0 = Release|Any CPU
		{D8A57C6A-DF93-487E-B174-5A497A87912E}.Debug|Any CPU.ActiveCfg = Debug|Any CPU
		{D8A57C6A-DF93-487E-B174-5A497A87912E}.Debug|Any CPU.Build.0 = Debug|Any CPU
		{D8A57C6A-DF93-487E-B174-5A497A87912E}.Release|Any CPU.ActiveCfg = Release|Any CPU
		{D8A57C6A-DF93-487E-B174-5A497A87912E}.Release|Any CPU.Build.0 = Release|Any CPU
		{F2B8852F-995C-4565-A70D-B905DBC69357}.Debug|Any CPU.ActiveCfg = Debug|Any CPU
		{F2B8852F-995C-4565-A70D-B905DBC69357}.Debug|Any CPU.Build.0 = Debug|Any CPU
		{F2B8852F-995C-4565-A70D-B905DBC69357}.Release|Any CPU.ActiveCfg = Release|Any CPU
		{F2B8852F-995C-4565-A70D-B905DBC69357}.Release|Any CPU.Build.0 = Release|Any CPU
		{E7E0AACB-13D1-4107-AE70-FF404D88758A}.Debug|Any CPU.ActiveCfg = Debug|Any CPU
		{E7E0AACB-13D1-4107-AE70-FF404D88758A}.Debug|Any CPU.Build.0 = Debug|Any CPU
		{E7E0AACB-13D1-4107-AE70-FF404D88758A}.Release|Any CPU.ActiveCfg = Release|Any CPU
		{E7E0AACB-13D1-4107-AE70-FF404D88758A}.Release|Any CPU.Build.0 = Release|Any CPU
		{F66A8804-9EF5-47AB-9A01-9278CAB2116C}.Debug|Any CPU.ActiveCfg = Debug|Any CPU
		{F66A8804-9EF5-47AB-9A01-9278CAB2116C}.Debug|Any CPU.Build.0 = Debug|Any CPU
		{F66A8804-9EF5-47AB-9A01-9278CAB2116C}.Release|Any CPU.ActiveCfg = Release|Any CPU
		{F66A8804-9EF5-47AB-9A01-9278CAB2116C}.Release|Any CPU.Build.0 = Release|Any CPU
		{FE1A5266-3F2E-48AD-A205-BD3F8C7BA574}.Debug|Any CPU.ActiveCfg = Debug|Any CPU
		{FE1A5266-3F2E-48AD-A205-BD3F8C7BA574}.Debug|Any CPU.Build.0 = Debug|Any CPU
		{FE1A5266-3F2E-48AD-A205-BD3F8C7BA574}.Release|Any CPU.ActiveCfg = Release|Any CPU
		{FE1A5266-3F2E-48AD-A205-BD3F8C7BA574}.Release|Any CPU.Build.0 = Release|Any CPU
		{894AD299-372C-45B1-B615-D1CA596BF788}.Debug|Any CPU.ActiveCfg = Debug|Any CPU
		{894AD299-372C-45B1-B615-D1CA596BF788}.Debug|Any CPU.Build.0 = Debug|Any CPU
		{894AD299-372C-45B1-B615-D1CA596BF788}.Release|Any CPU.ActiveCfg = Release|Any CPU
		{894AD299-372C-45B1-B615-D1CA596BF788}.Release|Any CPU.Build.0 = Release|Any CPU
		{DF3ADBC8-C034-499F-855D-9E5EE5A2D915}.Debug|Any CPU.ActiveCfg = Debug|Any CPU
		{DF3ADBC8-C034-499F-855D-9E5EE5A2D915}.Debug|Any CPU.Build.0 = Debug|Any CPU
		{DF3ADBC8-C034-499F-855D-9E5EE5A2D915}.Release|Any CPU.ActiveCfg = Release|Any CPU
		{DF3ADBC8-C034-499F-855D-9E5EE5A2D915}.Release|Any CPU.Build.0 = Release|Any CPU
		{D4969D22-39B4-43FF-B3D0-B45C93C8D7E2}.Debug|Any CPU.ActiveCfg = Debug|Any CPU
		{D4969D22-39B4-43FF-B3D0-B45C93C8D7E2}.Debug|Any CPU.Build.0 = Debug|Any CPU
		{D4969D22-39B4-43FF-B3D0-B45C93C8D7E2}.Release|Any CPU.ActiveCfg = Release|Any CPU
		{D4969D22-39B4-43FF-B3D0-B45C93C8D7E2}.Release|Any CPU.Build.0 = Release|Any CPU
		{4285C835-B72F-46CD-93E4-E8C8875A222B}.Debug|Any CPU.ActiveCfg = Debug|Any CPU
		{4285C835-B72F-46CD-93E4-E8C8875A222B}.Debug|Any CPU.Build.0 = Debug|Any CPU
		{4285C835-B72F-46CD-93E4-E8C8875A222B}.Release|Any CPU.ActiveCfg = Release|Any CPU
		{4285C835-B72F-46CD-93E4-E8C8875A222B}.Release|Any CPU.Build.0 = Release|Any CPU
		{1DB2E69C-B5AD-437D-9832-EB1899F3717F}.Debug|Any CPU.ActiveCfg = Debug|Any CPU
		{1DB2E69C-B5AD-437D-9832-EB1899F3717F}.Debug|Any CPU.Build.0 = Debug|Any CPU
		{1DB2E69C-B5AD-437D-9832-EB1899F3717F}.Release|Any CPU.ActiveCfg = Release|Any CPU
		{1DB2E69C-B5AD-437D-9832-EB1899F3717F}.Release|Any CPU.Build.0 = Release|Any CPU
		{7DA28F61-4818-4431-9FAC-1DC9C53F8937}.Debug|Any CPU.ActiveCfg = Debug|Any CPU
		{7DA28F61-4818-4431-9FAC-1DC9C53F8937}.Debug|Any CPU.Build.0 = Debug|Any CPU
		{7DA28F61-4818-4431-9FAC-1DC9C53F8937}.Release|Any CPU.ActiveCfg = Release|Any CPU
		{7DA28F61-4818-4431-9FAC-1DC9C53F8937}.Release|Any CPU.Build.0 = Release|Any CPU
		{B5FCEDBD-1094-46E2-850A-A7F1C07DA227}.Debug|Any CPU.ActiveCfg = Debug|Any CPU
		{B5FCEDBD-1094-46E2-850A-A7F1C07DA227}.Debug|Any CPU.Build.0 = Debug|Any CPU
		{B5FCEDBD-1094-46E2-850A-A7F1C07DA227}.Release|Any CPU.ActiveCfg = Release|Any CPU
		{B5FCEDBD-1094-46E2-850A-A7F1C07DA227}.Release|Any CPU.Build.0 = Release|Any CPU
		{6BB1D41D-1A7D-4B0F-92C7-89A0D7A78E42}.Debug|Any CPU.ActiveCfg = Debug|Any CPU
		{6BB1D41D-1A7D-4B0F-92C7-89A0D7A78E42}.Debug|Any CPU.Build.0 = Debug|Any CPU
		{6BB1D41D-1A7D-4B0F-92C7-89A0D7A78E42}.Release|Any CPU.ActiveCfg = Release|Any CPU
		{6BB1D41D-1A7D-4B0F-92C7-89A0D7A78E42}.Release|Any CPU.Build.0 = Release|Any CPU
	EndGlobalSection
	GlobalSection(SolutionProperties) = preSolution
		HideSolutionNode = FALSE
	EndGlobalSection
	GlobalSection(ExtensibilityGlobals) = postSolution
		SolutionGuid = {443CB0E5-01EE-423A-9E05-C1AAD566D869}
	EndGlobalSection
EndGlobal
